
Microsoft Visual Studio Solution File, Format Version 12.00
# Visual Studio 14
VisualStudioVersion = 14.0.23107.0
MinimumVisualStudioVersion = 10.0.40219.1
Project("{FAE04EC0-301F-11D3-BF4B-00C04F79EFBC}") = "Requester", "projects\Requester\Requester.csproj", "{2C5A9BD7-7698-440A-8001-9463D3AED95A}"
EndProject
Project("{2150E333-8FDC-42A3-9474-1A3956D46DE8}") = "Solution Items", "Solution Items", "{A762661E-88EC-40BA-A291-B30F8C9EE2B3}"
	ProjectSection(SolutionItems) = preProject
		GlobalAssemblyInfo.cs = GlobalAssemblyInfo.cs
	EndProjectSection
EndProject
Project("{FAE04EC0-301F-11D3-BF4B-00C04F79EFBC}") = "Requester.IntegrationTests", "tests\Requester.IntegrationTests\Requester.IntegrationTests.csproj", "{A8B59980-68BC-4C88-803B-9A913B0C6626}"
EndProject
Project("{FAE04EC0-301F-11D3-BF4B-00C04F79EFBC}") = "Requester.FakeWebApi", "tests\Requester.FakeWebApi\Requester.FakeWebApi.csproj", "{0EABE328-F0CA-41B3-B05B-4A4EF006DC45}"
EndProject
Project("{2150E333-8FDC-42A3-9474-1A3956D46DE8}") = "Tests", "Tests", "{1FA6FF47-5650-4138-982B-EF6BB784A326}"
EndProject
Project("{FAE04EC0-301F-11D3-BF4B-00C04F79EFBC}") = "Requester.Validation", "projects\Requester.Validation\Requester.Validation.csproj", "{1C5E5FAA-E7B1-4B7B-9696-B0799FB0B3F7}"
EndProject
Global
	GlobalSection(SolutionConfigurationPlatforms) = preSolution
		Debug|Any CPU = Debug|Any CPU
		Release|Any CPU = Release|Any CPU
	EndGlobalSection
	GlobalSection(ProjectConfigurationPlatforms) = postSolution
		{2C5A9BD7-7698-440A-8001-9463D3AED95A}.Debug|Any CPU.ActiveCfg = Debug|Any CPU
		{2C5A9BD7-7698-440A-8001-9463D3AED95A}.Debug|Any CPU.Build.0 = Debug|Any CPU
		{2C5A9BD7-7698-440A-8001-9463D3AED95A}.Release|Any CPU.ActiveCfg = Release|Any CPU
		{2C5A9BD7-7698-440A-8001-9463D3AED95A}.Release|Any CPU.Build.0 = Release|Any CPU
		{A8B59980-68BC-4C88-803B-9A913B0C6626}.Debug|Any CPU.ActiveCfg = Debug|Any CPU
		{A8B59980-68BC-4C88-803B-9A913B0C6626}.Debug|Any CPU.Build.0 = Debug|Any CPU
		{A8B59980-68BC-4C88-803B-9A913B0C6626}.Release|Any CPU.ActiveCfg = Release|Any CPU
		{A8B59980-68BC-4C88-803B-9A913B0C6626}.Release|Any CPU.Build.0 = Release|Any CPU
		{0EABE328-F0CA-41B3-B05B-4A4EF006DC45}.Debug|Any CPU.ActiveCfg = Debug|Any CPU
		{0EABE328-F0CA-41B3-B05B-4A4EF006DC45}.Debug|Any CPU.Build.0 = Debug|Any CPU
		{0EABE328-F0CA-41B3-B05B-4A4EF006DC45}.Release|Any CPU.ActiveCfg = Release|Any CPU
		{0EABE328-F0CA-41B3-B05B-4A4EF006DC45}.Release|Any CPU.Build.0 = Release|Any CPU
		{1C5E5FAA-E7B1-4B7B-9696-B0799FB0B3F7}.Debug|Any CPU.ActiveCfg = Debug|Any CPU
		{1C5E5FAA-E7B1-4B7B-9696-B0799FB0B3F7}.Debug|Any CPU.Build.0 = Debug|Any CPU
		{1C5E5FAA-E7B1-4B7B-9696-B0799FB0B3F7}.Release|Any CPU.ActiveCfg = Release|Any CPU
		{1C5E5FAA-E7B1-4B7B-9696-B0799FB0B3F7}.Release|Any CPU.Build.0 = Release|Any CPU
	EndGlobalSection
	GlobalSection(SolutionProperties) = preSolution
		HideSolutionNode = FALSE
	EndGlobalSection
	GlobalSection(NestedProjects) = preSolution
		{A8B59980-68BC-4C88-803B-9A913B0C6626} = {1FA6FF47-5650-4138-982B-EF6BB784A326}
		{0EABE328-F0CA-41B3-B05B-4A4EF006DC45} = {1FA6FF47-5650-4138-982B-EF6BB784A326}
	EndGlobalSection
EndGlobal
