
Microsoft Visual Studio Solution File, Format Version 12.00
# Visual Studio 15
VisualStudioVersion = 15.0.26430.14
MinimumVisualStudioVersion = 10.0.40219.1
Project("{9A19103F-16F7-4668-BE54-9A1E7A4F7556}") = "Requester", "projects\Requester\Requester.csproj", "{C585F24B-F94B-4452-B720-84B0F60A48FD}"
EndProject
Project("{9A19103F-16F7-4668-BE54-9A1E7A4F7556}") = "Requester.Validation", "projects\Requester.Validation\Requester.Validation.csproj", "{D18AF4ED-2012-4E34-A05D-FC4858764079}"
EndProject
Project("{2150E333-8FDC-42A3-9474-1A3956D46DE8}") = "Tests", "Tests", "{401EAFEB-BE6C-4F51-90BE-67ACA2A89F63}"
EndProject
Project("{9A19103F-16F7-4668-BE54-9A1E7A4F7556}") = "UnitTests", "tests\UnitTests\UnitTests.csproj", "{0D97C629-FE17-491D-833C-89B1D5F75F31}"
EndProject
Project("{9A19103F-16F7-4668-BE54-9A1E7A4F7556}") = "IntegrationTests", "tests\IntegrationTests\IntegrationTests.csproj", "{903FC50E-8AB6-4EE4-ADB6-E2199A1A058D}"
EndProject
Project("{FAE04EC0-301F-11D3-BF4B-00C04F79EFBC}") = "FakeWebApi", "tests\FakeWebApi\FakeWebApi.csproj", "{F3DDB84B-178B-4F69-A2D2-C1EEF22210DC}"
EndProject
Global
	GlobalSection(SolutionConfigurationPlatforms) = preSolution
		Debug|Any CPU = Debug|Any CPU
		Release|Any CPU = Release|Any CPU
	EndGlobalSection
	GlobalSection(ProjectConfigurationPlatforms) = postSolution
		{C585F24B-F94B-4452-B720-84B0F60A48FD}.Debug|Any CPU.ActiveCfg = Debug|Any CPU
		{C585F24B-F94B-4452-B720-84B0F60A48FD}.Debug|Any CPU.Build.0 = Debug|Any CPU
		{C585F24B-F94B-4452-B720-84B0F60A48FD}.Release|Any CPU.ActiveCfg = Release|Any CPU
		{C585F24B-F94B-4452-B720-84B0F60A48FD}.Release|Any CPU.Build.0 = Release|Any CPU
		{D18AF4ED-2012-4E34-A05D-FC4858764079}.Debug|Any CPU.ActiveCfg = Debug|Any CPU
		{D18AF4ED-2012-4E34-A05D-FC4858764079}.Debug|Any CPU.Build.0 = Debug|Any CPU
		{D18AF4ED-2012-4E34-A05D-FC4858764079}.Release|Any CPU.ActiveCfg = Release|Any CPU
		{D18AF4ED-2012-4E34-A05D-FC4858764079}.Release|Any CPU.Build.0 = Release|Any CPU
		{0D97C629-FE17-491D-833C-89B1D5F75F31}.Debug|Any CPU.ActiveCfg = Debug|Any CPU
		{0D97C629-FE17-491D-833C-89B1D5F75F31}.Debug|Any CPU.Build.0 = Debug|Any CPU
		{0D97C629-FE17-491D-833C-89B1D5F75F31}.Release|Any CPU.ActiveCfg = Release|Any CPU
		{0D97C629-FE17-491D-833C-89B1D5F75F31}.Release|Any CPU.Build.0 = Release|Any CPU
		{903FC50E-8AB6-4EE4-ADB6-E2199A1A058D}.Debug|Any CPU.ActiveCfg = Debug|Any CPU
		{903FC50E-8AB6-4EE4-ADB6-E2199A1A058D}.Debug|Any CPU.Build.0 = Debug|Any CPU
		{903FC50E-8AB6-4EE4-ADB6-E2199A1A058D}.Release|Any CPU.ActiveCfg = Release|Any CPU
		{903FC50E-8AB6-4EE4-ADB6-E2199A1A058D}.Release|Any CPU.Build.0 = Release|Any CPU
		{F3DDB84B-178B-4F69-A2D2-C1EEF22210DC}.Debug|Any CPU.ActiveCfg = Debug|Any CPU
		{F3DDB84B-178B-4F69-A2D2-C1EEF22210DC}.Debug|Any CPU.Build.0 = Debug|Any CPU
		{F3DDB84B-178B-4F69-A2D2-C1EEF22210DC}.Release|Any CPU.ActiveCfg = Release|Any CPU
		{F3DDB84B-178B-4F69-A2D2-C1EEF22210DC}.Release|Any CPU.Build.0 = Release|Any CPU
	EndGlobalSection
	GlobalSection(SolutionProperties) = preSolution
		HideSolutionNode = FALSE
	EndGlobalSection
	GlobalSection(NestedProjects) = preSolution
		{0D97C629-FE17-491D-833C-89B1D5F75F31} = {401EAFEB-BE6C-4F51-90BE-67ACA2A89F63}
		{903FC50E-8AB6-4EE4-ADB6-E2199A1A058D} = {401EAFEB-BE6C-4F51-90BE-67ACA2A89F63}
		{F3DDB84B-178B-4F69-A2D2-C1EEF22210DC} = {401EAFEB-BE6C-4F51-90BE-67ACA2A89F63}
	EndGlobalSection
EndGlobal
